// !$*UTF8*$!
{
	archiveVersion = 1;
	classes = {
	};
	objectVersion = 50;
	objects = {

/* Begin PBXBuildFile section */
		170682FB270ADDDC007FD134 /* AppDelegate.swift in Sources */ = {isa = PBXBuildFile; fileRef = 170682FA270ADDDC007FD134 /* AppDelegate.swift */; };
		170682FD270ADDDC007FD134 /* SceneDelegate.swift in Sources */ = {isa = PBXBuildFile; fileRef = 170682FC270ADDDC007FD134 /* SceneDelegate.swift */; };
		170682FF270ADDDC007FD134 /* ViewController.swift in Sources */ = {isa = PBXBuildFile; fileRef = 170682FE270ADDDC007FD134 /* ViewController.swift */; };
		17068302270ADDDC007FD134 /* Main.storyboard in Resources */ = {isa = PBXBuildFile; fileRef = 17068300270ADDDC007FD134 /* Main.storyboard */; };
		17068304270ADDDD007FD134 /* Assets.xcassets in Resources */ = {isa = PBXBuildFile; fileRef = 17068303270ADDDD007FD134 /* Assets.xcassets */; };
		17068307270ADDDD007FD134 /* LaunchScreen.storyboard in Resources */ = {isa = PBXBuildFile; fileRef = 17068305270ADDDD007FD134 /* LaunchScreen.storyboard */; };
		17068310270AE259007FD134 /* ViewControllerConfig.swift in Sources */ = {isa = PBXBuildFile; fileRef = 1706830F270AE259007FD134 /* ViewControllerConfig.swift */; };
		17068313270AE471007FD134 /* Coordenada.swift in Sources */ = {isa = PBXBuildFile; fileRef = 17068312270AE471007FD134 /* Coordenada.swift */; };
/* End PBXBuildFile section */

/* Begin PBXFileReference section */
		170682F7270ADDDC007FD134 /* Actividad5_Moviles.app */ = {isa = PBXFileReference; explicitFileType = wrapper.application; includeInIndex = 0; path = Actividad5_Moviles.app; sourceTree = BUILT_PRODUCTS_DIR; };
		170682FA270ADDDC007FD134 /* AppDelegate.swift */ = {isa = PBXFileReference; lastKnownFileType = sourcecode.swift; path = AppDelegate.swift; sourceTree = "<group>"; };
		170682FC270ADDDC007FD134 /* SceneDelegate.swift */ = {isa = PBXFileReference; lastKnownFileType = sourcecode.swift; path = SceneDelegate.swift; sourceTree = "<group>"; };
		170682FE270ADDDC007FD134 /* ViewController.swift */ = {isa = PBXFileReference; lastKnownFileType = sourcecode.swift; path = ViewController.swift; sourceTree = "<group>"; };
		17068301270ADDDC007FD134 /* Base */ = {isa = PBXFileReference; lastKnownFileType = file.storyboard; name = Base; path = Base.lproj/Main.storyboard; sourceTree = "<group>"; };
		17068303270ADDDD007FD134 /* Assets.xcassets */ = {isa = PBXFileReference; lastKnownFileType = folder.assetcatalog; path = Assets.xcassets; sourceTree = "<group>"; };
		17068306270ADDDD007FD134 /* Base */ = {isa = PBXFileReference; lastKnownFileType = file.storyboard; name = Base; path = Base.lproj/LaunchScreen.storyboard; sourceTree = "<group>"; };
		17068308270ADDDD007FD134 /* Info.plist */ = {isa = PBXFileReference; lastKnownFileType = text.plist.xml; path = Info.plist; sourceTree = "<group>"; };
		1706830F270AE259007FD134 /* ViewControllerConfig.swift */ = {isa = PBXFileReference; lastKnownFileType = sourcecode.swift; path = ViewControllerConfig.swift; sourceTree = "<group>"; };
		17068312270AE471007FD134 /* Coordenada.swift */ = {isa = PBXFileReference; lastKnownFileType = sourcecode.swift; path = Coordenada.swift; sourceTree = "<group>"; };
/* End PBXFileReference section */

/* Begin PBXFrameworksBuildPhase section */
		170682F4270ADDDC007FD134 /* Frameworks */ = {
			isa = PBXFrameworksBuildPhase;
			buildActionMask = 2147483647;
			files = (
			);
			runOnlyForDeploymentPostprocessing = 0;
		};
/* End PBXFrameworksBuildPhase section */

/* Begin PBXGroup section */
		170682EE270ADDDC007FD134 = {
			isa = PBXGroup;
			children = (
				170682F9270ADDDC007FD134 /* Actividad5_Moviles */,
				170682F8270ADDDC007FD134 /* Products */,
			);
			sourceTree = "<group>";
		};
		170682F8270ADDDC007FD134 /* Products */ = {
			isa = PBXGroup;
			children = (
				170682F7270ADDDC007FD134 /* Actividad5_Moviles.app */,
			);
			name = Products;
			sourceTree = "<group>";
		};
		170682F9270ADDDC007FD134 /* Actividad5_Moviles */ = {
			isa = PBXGroup;
			children = (
				170682FA270ADDDC007FD134 /* AppDelegate.swift */,
				170682FC270ADDDC007FD134 /* SceneDelegate.swift */,
				170682FE270ADDDC007FD134 /* ViewController.swift */,
				17068312270AE471007FD134 /* Coordenada.swift */,
				17068300270ADDDC007FD134 /* Main.storyboard */,
				1706830F270AE259007FD134 /* ViewControllerConfig.swift */,
				17068303270ADDDD007FD134 /* Assets.xcassets */,
				17068305270ADDDD007FD134 /* LaunchScreen.storyboard */,
				17068308270ADDDD007FD134 /* Info.plist */,
			);
			path = Actividad5_Moviles;
			sourceTree = "<group>";
		};
/* End PBXGroup section */

/* Begin PBXNativeTarget section */
		170682F6270ADDDC007FD134 /* Actividad5_Moviles */ = {
			isa = PBXNativeTarget;
			buildConfigurationList = 1706830B270ADDDD007FD134 /* Build configuration list for PBXNativeTarget "Actividad5_Moviles" */;
			buildPhases = (
				170682F3270ADDDC007FD134 /* Sources */,
				170682F4270ADDDC007FD134 /* Frameworks */,
				170682F5270ADDDC007FD134 /* Resources */,
			);
			buildRules = (
			);
			dependencies = (
			);
			name = Actividad5_Moviles;
			productName = Actividad5_Moviles;
			productReference = 170682F7270ADDDC007FD134 /* Actividad5_Moviles.app */;
			productType = "com.apple.product-type.application";
		};
/* End PBXNativeTarget section */

/* Begin PBXProject section */
		170682EF270ADDDC007FD134 /* Project object */ = {
			isa = PBXProject;
			attributes = {
				LastSwiftUpdateCheck = 1240;
				LastUpgradeCheck = 1240;
				TargetAttributes = {
					170682F6270ADDDC007FD134 = {
						CreatedOnToolsVersion = 12.4;
					};
				};
			};
			buildConfigurationList = 170682F2270ADDDC007FD134 /* Build configuration list for PBXProject "Actividad5_Moviles" */;
			compatibilityVersion = "Xcode 9.3";
			developmentRegion = en;
			hasScannedForEncodings = 0;
			knownRegions = (
				en,
				Base,
			);
			mainGroup = 170682EE270ADDDC007FD134;
			productRefGroup = 170682F8270ADDDC007FD134 /* Products */;
			projectDirPath = "";
			projectRoot = "";
			targets = (
				170682F6270ADDDC007FD134 /* Actividad5_Moviles */,
			);
		};
/* End PBXProject section */

/* Begin PBXResourcesBuildPhase section */
		170682F5270ADDDC007FD134 /* Resources */ = {
			isa = PBXResourcesBuildPhase;
			buildActionMask = 2147483647;
			files = (
				17068307270ADDDD007FD134 /* LaunchScreen.storyboard in Resources */,
				17068304270ADDDD007FD134 /* Assets.xcassets in Resources */,
				17068302270ADDDC007FD134 /* Main.storyboard in Resources */,
			);
			runOnlyForDeploymentPostprocessing = 0;
		};
/* End PBXResourcesBuildPhase section */

/* Begin PBXSourcesBuildPhase section */
		170682F3270ADDDC007FD134 /* Sources */ = {
			isa = PBXSourcesBuildPhase;
			buildActionMask = 2147483647;
			files = (
				170682FF270ADDDC007FD134 /* ViewController.swift in Sources */,
				170682FB270ADDDC007FD134 /* AppDelegate.swift in Sources */,
				17068310270AE259007FD134 /* ViewControllerConfig.swift in Sources */,
				17068313270AE471007FD134 /* Coordenada.swift in Sources */,
				170682FD270ADDDC007FD134 /* SceneDelegate.swift in Sources */,
			);
			runOnlyForDeploymentPostprocessing = 0;
		};
/* End PBXSourcesBuildPhase section */

/* Begin PBXVariantGroup section */
		17068300270ADDDC007FD134 /* Main.storyboard */ = {
			isa = PBXVariantGroup;
			children = (
				17068301270ADDDC007FD134 /* Base */,
			);
			name = Main.storyboard;
			sourceTree = "<group>";
		};
		17068305270ADDDD007FD134 /* LaunchScreen.storyboard */ = {
			isa = PBXVariantGroup;
			children = (
				17068306270ADDDD007FD134 /* Base */,
			);
			name = LaunchScreen.storyboard;
			sourceTree = "<group>";
		};
/* End PBXVariantGroup section */

/* Begin XCBuildConfiguration section */
		17068309270ADDDD007FD134 /* Debug */ = {
			isa = XCBuildConfiguration;
			buildSettings = {
				ALWAYS_SEARCH_USER_PATHS = NO;
				CLANG_ANALYZER_NONNULL = YES;
				CLANG_ANALYZER_NUMBER_OBJECT_CONVERSION = YES_AGGRESSIVE;
				CLANG_CXX_LANGUAGE_STANDARD = "gnu++14";
				CLANG_CXX_LIBRARY = "libc++";
				CLANG_ENABLE_MODULES = YES;
				CLANG_ENABLE_OBJC_ARC = YES;
				CLANG_ENABLE_OBJC_WEAK = YES;
				CLANG_WARN_BLOCK_CAPTURE_AUTORELEASING = YES;
				CLANG_WARN_BOOL_CONVERSION = YES;
				CLANG_WARN_COMMA = YES;
				CLANG_WARN_CONSTANT_CONVERSION = YES;
				CLANG_WARN_DEPRECATED_OBJC_IMPLEMENTATIONS = YES;
				CLANG_WARN_DIRECT_OBJC_ISA_USAGE = YES_ERROR;
				CLANG_WARN_DOCUMENTATION_COMMENTS = YES;
				CLANG_WARN_EMPTY_BODY = YES;
				CLANG_WARN_ENUM_CONVERSION = YES;
				CLANG_WARN_INFINITE_RECURSION = YES;
				CLANG_WARN_INT_CONVERSION = YES;
				CLANG_WARN_NON_LITERAL_NULL_CONVERSION = YES;
				CLANG_WARN_OBJC_IMPLICIT_RETAIN_SELF = YES;
				CLANG_WARN_OBJC_LITERAL_CONVERSION = YES;
				CLANG_WARN_OBJC_ROOT_CLASS = YES_ERROR;
				CLANG_WARN_QUOTED_INCLUDE_IN_FRAMEWORK_HEADER = YES;
				CLANG_WARN_RANGE_LOOP_ANALYSIS = YES;
				CLANG_WARN_STRICT_PROTOTYPES = YES;
				CLANG_WARN_SUSPICIOUS_MOVE = YES;
				CLANG_WARN_UNGUARDED_AVAILABILITY = YES_AGGRESSIVE;
				CLANG_WARN_UNREACHABLE_CODE = YES;
				CLANG_WARN__DUPLICATE_METHOD_MATCH = YES;
				COPY_PHASE_STRIP = NO;
				DEBUG_INFORMATION_FORMAT = dwarf;
				ENABLE_STRICT_OBJC_MSGSEND = YES;
				ENABLE_TESTABILITY = YES;
				GCC_C_LANGUAGE_STANDARD = gnu11;
				GCC_DYNAMIC_NO_PIC = NO;
				GCC_NO_COMMON_BLOCKS = YES;
				GCC_OPTIMIZATION_LEVEL = 0;
				GCC_PREPROCESSOR_DEFINITIONS = (
					"DEBUG=1",
					"$(inherited)",
				);
				GCC_WARN_64_TO_32_BIT_CONVERSION = YES;
				GCC_WARN_ABOUT_RETURN_TYPE = YES_ERROR;
				GCC_WARN_UNDECLARED_SELECTOR = YES;
				GCC_WARN_UNINITIALIZED_AUTOS = YES_AGGRESSIVE;
				GCC_WARN_UNUSED_FUNCTION = YES;
				GCC_WARN_UNUSED_VARIABLE = YES;
				IPHONEOS_DEPLOYMENT_TARGET = 14.4;
				MTL_ENABLE_DEBUG_INFO = INCLUDE_SOURCE;
				MTL_FAST_MATH = YES;
				ONLY_ACTIVE_ARCH = YES;
				SDKROOT = iphoneos;
				SWIFT_ACTIVE_COMPILATION_CONDITIONS = DEBUG;
				SWIFT_OPTIMIZATION_LEVEL = "-Onone";
			};
			name = Debug;
		};
		1706830A270ADDDD007FD134 /* Release */ = {
			isa = XCBuildConfiguration;
			buildSettings = {
				ALWAYS_SEARCH_USER_PATHS = NO;
				CLANG_ANALYZER_NONNULL = YES;
				CLANG_ANALYZER_NUMBER_OBJECT_CONVERSION = YES_AGGRESSIVE;
				CLANG_CXX_LANGUAGE_STANDARD = "gnu++14";
				CLANG_CXX_LIBRARY = "libc++";
				CLANG_ENABLE_MODULES = YES;
				CLANG_ENABLE_OBJC_ARC = YES;
				CLANG_ENABLE_OBJC_WEAK = YES;
				CLANG_WARN_BLOCK_CAPTURE_AUTORELEASING = YES;
				CLANG_WARN_BOOL_CONVERSION = YES;
				CLANG_WARN_COMMA = YES;
				CLANG_WARN_CONSTANT_CONVERSION = YES;
				CLANG_WARN_DEPRECATED_OBJC_IMPLEMENTATIONS = YES;
				CLANG_WARN_DIRECT_OBJC_ISA_USAGE = YES_ERROR;
				CLANG_WARN_DOCUMENTATION_COMMENTS = YES;
				CLANG_WARN_EMPTY_BODY = YES;
				CLANG_WARN_ENUM_CONVERSION = YES;
				CLANG_WARN_INFINITE_RECURSION = YES;
				CLANG_WARN_INT_CONVERSION = YES;
				CLANG_WARN_NON_LITERAL_NULL_CONVERSION = YES;
				CLANG_WARN_OBJC_IMPLICIT_RETAIN_SELF = YES;
				CLANG_WARN_OBJC_LITERAL_CONVERSION = YES;
				CLANG_WARN_OBJC_ROOT_CLASS = YES_ERROR;
				CLANG_WARN_QUOTED_INCLUDE_IN_FRAMEWORK_HEADER = YES;
				CLANG_WARN_RANGE_LOOP_ANALYSIS = YES;
				CLANG_WARN_STRICT_PROTOTYPES = YES;
				CLANG_WARN_SUSPICIOUS_MOVE = YES;
				CLANG_WARN_UNGUARDED_AVAILABILITY = YES_AGGRESSIVE;
				CLANG_WARN_UNREACHABLE_CODE = YES;
				CLANG_WARN__DUPLICATE_METHOD_MATCH = YES;
				COPY_PHASE_STRIP = NO;
				DEBUG_INFORMATION_FORMAT = "dwarf-with-dsym";
				ENABLE_NS_ASSERTIONS = NO;
				ENABLE_STRICT_OBJC_MSGSEND = YES;
				GCC_C_LANGUAGE_STANDARD = gnu11;
				GCC_NO_COMMON_BLOCKS = YES;
				GCC_WARN_64_TO_32_BIT_CONVERSION = YES;
				GCC_WARN_ABOUT_RETURN_TYPE = YES_ERROR;
				GCC_WARN_UNDECLARED_SELECTOR = YES;
				GCC_WARN_UNINITIALIZED_AUTOS = YES_AGGRESSIVE;
				GCC_WARN_UNUSED_FUNCTION = YES;
				GCC_WARN_UNUSED_VARIABLE = YES;
				IPHONEOS_DEPLOYMENT_TARGET = 14.4;
				MTL_ENABLE_DEBUG_INFO = NO;
				MTL_FAST_MATH = YES;
				SDKROOT = iphoneos;
				SWIFT_COMPILATION_MODE = wholemodule;
				SWIFT_OPTIMIZATION_LEVEL = "-O";
				VALIDATE_PRODUCT = YES;
			};
			name = Release;
		};
		1706830C270ADDDD007FD134 /* Debug */ = {
			isa = XCBuildConfiguration;
			buildSettings = {
				ASSETCATALOG_COMPILER_APPICON_NAME = AppIcon;
				ASSETCATALOG_COMPILER_GLOBAL_ACCENT_COLOR_NAME = AccentColor;
				CODE_SIGN_STYLE = Automatic;
				DEVELOPMENT_TEAM = WJUD54S9U2;
				INFOPLIST_FILE = Actividad5_Moviles/Info.plist;
				LD_RUNPATH_SEARCH_PATHS = (
					"$(inherited)",
					"@executable_path/Frameworks",
				);
				PRODUCT_BUNDLE_IDENTIFIER = "ITESM.Actividad5-Moviles";
				PRODUCT_NAME = "$(TARGET_NAME)";
				SWIFT_VERSION = 5.0;
				TARGETED_DEVICE_FAMILY = "1,2";
			};
			name = Debug;
		};
		1706830D270ADDDD007FD134 /* Release */ = {
			isa = XCBuildConfiguration;
			buildSettings = {
				ASSETCATALOG_COMPILER_APPICON_NAME = AppIcon;
				ASSETCATALOG_COMPILER_GLOBAL_ACCENT_COLOR_NAME = AccentColor;
				CODE_SIGN_STYLE = Automatic;
				DEVELOPMENT_TEAM = WJUD54S9U2;
				INFOPLIST_FILE = Actividad5_Moviles/Info.plist;
				LD_RUNPATH_SEARCH_PATHS = (
					"$(inherited)",
					"@executable_path/Frameworks",
				);
				PRODUCT_BUNDLE_IDENTIFIER = "ITESM.Actividad5-Moviles";
				PRODUCT_NAME = "$(TARGET_NAME)";
				SWIFT_VERSION = 5.0;
				TARGETED_DEVICE_FAMILY = "1,2";
			};
			name = Release;
		};
/* End XCBuildConfiguration section */

/* Begin XCConfigurationList section */
		170682F2270ADDDC007FD134 /* Build configuration list for PBXProject "Actividad5_Moviles" */ = {
			isa = XCConfigurationList;
			buildConfigurations = (
				17068309270ADDDD007FD134 /* Debug */,
				1706830A270ADDDD007FD134 /* Release */,
			);
			defaultConfigurationIsVisible = 0;
			defaultConfigurationName = Release;
		};
		1706830B270ADDDD007FD134 /* Build configuration list for PBXNativeTarget "Actividad5_Moviles" */ = {
			isa = XCConfigurationList;
			buildConfigurations = (
				1706830C270ADDDD007FD134 /* Debug */,
				1706830D270ADDDD007FD134 /* Release */,
			);
			defaultConfigurationIsVisible = 0;
			defaultConfigurationName = Release;
		};
/* End XCConfigurationList section */
	};
	rootObject = 170682EF270ADDDC007FD134 /* Project object */;
}
